# This file is autogenerated, do not edit; changes may be undone by the next 'dep ensure'.


[[projects]]
  branch = "master"
  digest = "1:e4966a46ef59a523a6f669e6b38a048ac9069184b3708ff5c23a3a17612bca76"
  name = "github.com/TheCreeper/go-notify"
  packages = ["."]
  pruneopts = "UT"
  revision = "b5cd14745a5c675c08f7d5c3203cf5f0324e85f3"

[[projects]]
  branch = "master"
  digest = "1:23b9850a220387962bae181bf0eaec5ae228cf3415ff365daa57de5e4820b33e"
  name = "github.com/awnumar/memcall"
  packages = ["."]
  pruneopts = "UT"
  revision = "73db50fd9f807b4e2811f9f0b33c92e9da6b2489"

[[projects]]
  branch = "master"
  digest = "1:ed92efe00830105b4a9c18cc700c412104645a1980d588445b3c295b36847d07"
  name = "github.com/coyim/constbn"
  packages = ["."]
  pruneopts = "UT"
  revision = "016aa3f280ca9ded2d860ba438e3604363857a9a"

[[projects]]
  branch = "master"
  digest = "1:a72767f03b5c8f59d21ce79fca09a798eda6884abe43194b23e5a56633c301f1"
  name = "github.com/coyim/gosx-notifier"
  packages = ["."]
  pruneopts = "UT"
  revision = "212122c146749dec34818e09cbbd9b19cb69d211"

[[projects]]
  branch = "master"
  digest = "1:a632901c3b0dbf84cd6840cdcb68d2e74562eca62799cd76b696b3d4818cda49"
  name = "github.com/coyim/gotk3adapter"
  packages = [
    "gdka",
    "gdki",
    "glib_mock",
    "gliba",
    "glibi",
    "gtk_mock",
    "gtka",
    "gtki",
    "pangoa",
    "pangoi",
  ]
  pruneopts = "UT"
  revision = "e05bb96f9e55ab12a2ea898bcc28c8dee41036f3"

[[projects]]
  branch = "master"
  digest = "1:0ca31016a5289103991213d0ff3199c66e4b7a7d7f5f501e9105f49479292069"
  name = "github.com/coyim/gotk3osx"
  packages = ["."]
  pruneopts = "UT"
  revision = "0bc104b9d83d107422dfcb1c4981938e74f6e8a7"

[[projects]]
  branch = "master"
  digest = "1:65ceb4ba5bf492ff2f3d7d00ae80ea65c1ca7ae15bde0e2a5d26877be0bb0d0d"
  name = "github.com/coyim/otr3"
  packages = [
    ".",
    "sexp",
  ]
  pruneopts = "UT"
  revision = "e73defa61608a83d1d663dfeaafecada1f32c507"

[[projects]]
  digest = "1:57fa4c058c21ce25d0b7272518dd746065117abf6cc706158b0d361202024520"
  name = "github.com/godbus/dbus"
  packages = ["."]
  pruneopts = "UT"
  revision = "a389bdde4dd695d414e47b755e95e72b7826432c"
  version = "v4.1.0"

[[projects]]
  digest = "1:ddf66fdcdb1ec703fa6316f0735dc287290f6e0123037f59972f5fe9202e09d4"
  name = "github.com/gotk3/gotk3"
  packages = [
    "cairo",
    "gdk",
    "glib",
    "gtk",
    "pango",
  ]
  pruneopts = "UT"
  revision = "f7e85ed33fd290bcfbf4ce56dcdae192647f42c1"
  version = "v0.4.0"

[[projects]]
  branch = "master"
  digest = "1:8c2d6d0b00c2b021a1560f1f8657ceb589ef0bbacabdefbd700979b51cdef2b8"
  name = "github.com/hydrogen18/stalecucumber"
  packages = ["."]
  pruneopts = "UT"
  revision = "6de214d141dda4b540da196a19a68228f0c8323d"

[[projects]]
  branch = "master"
  digest = "1:f433da6fbabb0bd1bd730fd340782015c644123d02eb78c20c69ce03352daad1"
  name = "github.com/kardianos/osext"
  packages = ["."]
  pruneopts = "UT"
  revision = "2bc1f35cddc0cc527b4bc3dce8578fc2a6c11384"

[[projects]]
  digest = "1:09cb61dc19af93deae01587e2fdb1c081e0bf48f1a5ad5fa24f48750dc57dce8"
  name = "github.com/konsorten/go-windows-terminal-sequences"
  packages = ["."]
  pruneopts = "UT"
  revision = "edb144dfd453055e1e49a3d8b410a660b5a87613"
  version = "v1.0.3"

[[projects]]
  digest = "1:7218fd69ff5436d016101bbc6183cdc289aa45ac37b48e78846318e4ef389bea"
  name = "github.com/kr/text"
  packages = ["."]
  pruneopts = "UT"
  revision = "702c74938df48b97370179f33ce2107bd7ff3b3e"
  version = "v0.2.0"

[[projects]]
  digest = "1:3e2a07391c0756e06504dfa2fb6c52d55261c8d5a9d790ab316a1544bbe87b0d"
  name = "github.com/miekg/dns"
  packages = ["."]
  pruneopts = "UT"
  revision = "f515aa579d28efa1af67d9a62cc57f2dfe59da76"
  version = "v1.1.29"

[[projects]]
  branch = "master"
  digest = "1:4454a22e87e1aacfb4c7e9550ab98c711a5285a0cc7f9ff8952c44a9b0dbbb05"
  name = "github.com/niemeyer/pretty"
  packages = ["."]
  pruneopts = "UT"
  revision = "a10e7caefd8e0d600cea437f5c3613aeb1553d56"

[[projects]]
  digest = "1:05eebdd5727fea23083fce0d98d307d70c86baed644178e81608aaa9f09ea469"
  name = "github.com/sirupsen/logrus"
  packages = ["."]
  pruneopts = "UT"
  revision = "60c74ad9be0d874af0ab0daef6ab07c5c5911f0d"
  version = "v1.6.0"

[[projects]]
  branch = "master"
  digest = "1:ad1e6784bae6c9a943f900dacf9bbc23968b59399a103acc043e08b1c50c5407"
  name = "golang.org/x/crypto"
  packages = [
    "ed25519",
    "ed25519/internal/edwards25519",
    "pbkdf2",
    "scrypt",
    "sha3",
  ]
  pruneopts = "UT"
  revision = "06a226fb4e3765ef3f48aa2852b401bc7b98e981"

[[projects]]
  branch = "master"
  digest = "1:c80d5bea5bd6fd358a75b78512aee4751e6b76d7376d57ea856b59516de54e49"
  name = "golang.org/x/net"
  packages = [
    "bpf",
    "html",
    "html/atom",
    "internal/iana",
    "internal/socket",
    "internal/socks",
    "ipv4",
    "ipv6",
    "proxy",
  ]
  pruneopts = "UT"
  revision = "0ba52f642ac2f9371a88bfdde41f4b4e195a37c0"

[[projects]]
  branch = "master"
  digest = "1:6fdb20a35b444bf20ade4a96382a215b0260514d5ee3426dceb81e3505475be3"
  name = "golang.org/x/sys"
  packages = [
    "cpu",
    "internal/unsafeheader",
    "unix",
    "windows",
  ]
  pruneopts = "UT"
  revision = "05986578812163b26672dabd9b425240ae2bb0ad"

[[projects]]
  digest = "1:6699de003039f29dfe3b88956e6c84ad9f0f0ac69531732074c91981c9665bdd"
  name = "golang.org/x/text"
  packages = [
    "internal/gen",
    "internal/triegen",
    "internal/ucd",
    "runes",
    "transform",
    "unicode/cldr",
    "unicode/norm",
  ]
  pruneopts = "UT"
  revision = "342b2e1fbaa52c93f31447ad2c6abc048c63e475"
  version = "v0.3.2"

[[projects]]
  branch = "master"
  digest = "1:e6cf9e91c2f1d3643cf68048ee3c1a7638198d8fd4c8637e8064477cc68dd045"
  name = "golang.org/x/tools"
  packages = [
    "go/ast/astutil",
    "go/gcexportdata",
    "go/internal/gcimporter",
    "go/internal/packagesdriver",
    "go/packages",
    "go/types/typeutil",
    "internal/event",
    "internal/event/core",
    "internal/event/keys",
    "internal/event/label",
    "internal/gocommand",
    "internal/packagesinternal",
  ]
  pruneopts = "UT"
  revision = "cb1345f3a375367f8439bba882e90348348288d9"

[[projects]]
  branch = "master"
  digest = "1:918a46e4a2fb83df33f668f5a6bd51b2996775d073fce1800d3ec01b0a5ddd2b"
  name = "golang.org/x/xerrors"
  packages = [
    ".",
    "internal",
  ]
  pruneopts = "UT"
  revision = "9bdfabe68543c54f90421aeb9a60ef8061b5b544"

[[projects]]
  branch = "v1"
  digest = "1:95c723aeb49b28a44330cd94e0272e23ad6ad6e3fb2945a556b72d71fd7b8c65"
  name = "gopkg.in/check.v1"
  packages = ["."]
  pruneopts = "UT"
  revision = "8fa46927fb4f5b54d48bde78c6c08db205b2298c"

[[projects]]
  branch = "master"
  digest = "1:b5ead2120cd278858a83be14ef551f54295da350033dbc3f227fe0298b880256"
  name = "howett.net/plist"
  packages = ["."]
  pruneopts = "UT"
  revision = "3b63eb3a43b59c776909681ed1fcb412b47d3c9a"

[solve-meta]
  analyzer-name = "dep"
  analyzer-version = 1
  input-imports = [
    "github.com/TheCreeper/go-notify",
    "github.com/coyim/gosx-notifier",
    "github.com/coyim/gotk3adapter/gdka",
    "github.com/coyim/gotk3adapter/gdki",
    "github.com/coyim/gotk3adapter/glib_mock",
    "github.com/coyim/gotk3adapter/gliba",
    "github.com/coyim/gotk3adapter/glibi",
    "github.com/coyim/gotk3adapter/gtk_mock",
    "github.com/coyim/gotk3adapter/gtka",
    "github.com/coyim/gotk3adapter/gtki",
    "github.com/coyim/gotk3adapter/pangoa",
    "github.com/coyim/gotk3adapter/pangoi",
    "github.com/coyim/gotk3osx",
    "github.com/coyim/otr3",
    "github.com/godbus/dbus",
    "github.com/hydrogen18/stalecucumber",
    "github.com/kardianos/osext",
    "github.com/miekg/dns",
    "github.com/sirupsen/logrus",
    "golang.org/x/crypto/pbkdf2",
    "golang.org/x/crypto/scrypt",
    "golang.org/x/crypto/sha3",
    "golang.org/x/net/html",
    "golang.org/x/net/proxy",
    "golang.org/x/text/runes",
    "golang.org/x/text/transform",
    "golang.org/x/text/unicode/norm",
    "gopkg.in/check.v1",
    "howett.net/plist",
  ]
  solver-name = "gps-cdcl"
  solver-version = 1
