# This file is autogenerated, do not edit; changes may be undone by the next 'dep ensure'.


[[projects]]
  branch = "master"
  digest = "1:e4966a46ef59a523a6f669e6b38a048ac9069184b3708ff5c23a3a17612bca76"
  name = "github.com/TheCreeper/go-notify"
  packages = ["."]
  pruneopts = "UT"
  revision = "b5cd14745a5c675c08f7d5c3203cf5f0324e85f3"

[[projects]]
  branch = "master"
  digest = "1:a72767f03b5c8f59d21ce79fca09a798eda6884abe43194b23e5a56633c301f1"
  name = "github.com/coyim/gosx-notifier"
  packages = ["."]
  pruneopts = "UT"
  revision = "212122c146749dec34818e09cbbd9b19cb69d211"

[[projects]]
  branch = "master"
  digest = "1:693b8a6109ecf6701183f8507d6f715001536030e75acb777069bed771ac9bab"
  name = "github.com/coyim/gotk3adapter"
  packages = [
    "gdka",
    "gdki",
    "glib_mock",
    "gliba",
    "glibi",
    "gtk_mock",
    "gtka",
    "gtki",
    "pangoa",
    "pangoi",
  ]
  pruneopts = "UT"
  revision = "728d69a7102fc174d4d7ef16eaf527e2601f0c69"

[[projects]]
  digest = "1:2478e8b6f1e5dbf6333372189ddb8d7c4e367e790b944db0d378245f81047376"
  name = "github.com/coyim/otr3"
  packages = [
    ".",
    "sexp",
  ]
  pruneopts = "UT"
  revision = "46ec9c947dd33e64acdf35822e3ba1e4feb38d89"

[[projects]]
  digest = "1:57fa4c058c21ce25d0b7272518dd746065117abf6cc706158b0d361202024520"
  name = "github.com/godbus/dbus"
  packages = ["."]
  pruneopts = "UT"
  revision = "a389bdde4dd695d414e47b755e95e72b7826432c"
  version = "v4.1.0"

[[projects]]
  digest = "1:ddf66fdcdb1ec703fa6316f0735dc287290f6e0123037f59972f5fe9202e09d4"
  name = "github.com/gotk3/gotk3"
  packages = [
    "cairo",
    "gdk",
    "glib",
    "gtk",
    "pango",
  ]
  pruneopts = "UT"
  revision = "f7e85ed33fd290bcfbf4ce56dcdae192647f42c1"
  version = "v0.4.0"

[[projects]]
  digest = "1:d7fd13925b9475ad6afb8af4cbfea8515124c6863daa0642dcdafc717350f55b"
  name = "github.com/hydrogen18/stalecucumber"
  packages = ["."]
  pruneopts = "UT"
  revision = "0a94983f3e27967c69ba6bb92f9d5f0a68a97bc0"

[[projects]]
  digest = "1:caf6db28595425c0e0f2301a00257d11712f65c1878e12cffc42f6b9a9cf3f23"
  name = "github.com/kardianos/osext"
  packages = ["."]
  pruneopts = "UT"
  revision = "ae77be60afb1dcacde03767a8c37337fad28ac14"

[[projects]]
  digest = "1:889c70c01b38274c8cd30edcceeb3ed77e641db711a4652e48f0f3606d640612"
  name = "github.com/miekg/dns"
  packages = ["."]
  pruneopts = "UT"
  revision = "e78414ef75607394ad7d917824f07f381df2eafa"

[[projects]]
  digest = "1:800e06c1a98ec3c7e70e6c255b9536326b2325a9ce23e7585a3358f0e72eb50e"
  name = "golang.org/x/crypto"
  packages = [
    "pbkdf2",
    "scrypt",
    "sha3",
  ]
  pruneopts = "UT"
  revision = "b080dc9a8c480b08e698fb1219160d598526310f"

[[projects]]
  digest = "1:7236bfdc23fcfbebfa27f3ec4957ad3f824fea048d53afd01cd2d122309733fc"
  name = "golang.org/x/net"
  packages = [
    "html",
    "html/atom",
    "proxy",
  ]
  pruneopts = "UT"
  revision = "c7086645de248775cbf2373cf5ca4d2fa664b8c1"

[[projects]]
  digest = "1:49f6e78e8498938f529f3e0fec4b007efd670ae2008295409421227044d2139e"
  name = "golang.org/x/text"
  packages = [
    "internal/gen",
    "internal/triegen",
    "internal/ucd",
    "transform",
    "unicode/cldr",
    "unicode/norm",
  ]
  pruneopts = "UT"
  revision = "88f656faf3f37f690df1a32515b479415e1a6769"

[[projects]]
  digest = "1:dcb51660fc1fd7bfa3f45305db912fa587c12c17658fd66b3ab55339b59ffbe6"
  name = "gopkg.in/check.v1"
  packages = ["."]
  pruneopts = "UT"
  revision = "20d25e2804050c1cd24a7eea1e7a6447dd0e74ec"

[[projects]]
  digest = "1:da2e23675d581e6fbdeb743f177fa98d51cbb02983a5d280f9b3d56a5d541c22"
  name = "howett.net/plist"
  packages = ["."]
  pruneopts = "UT"
  revision = "233df3c4f07b0c562da0e8a6fb850681ac49bb90"

[solve-meta]
  analyzer-name = "dep"
  analyzer-version = 1
  input-imports = [
    "github.com/TheCreeper/go-notify",
    "github.com/coyim/gosx-notifier",
    "github.com/coyim/gotk3adapter/gdka",
    "github.com/coyim/gotk3adapter/gdki",
    "github.com/coyim/gotk3adapter/glib_mock",
    "github.com/coyim/gotk3adapter/gliba",
    "github.com/coyim/gotk3adapter/glibi",
    "github.com/coyim/gotk3adapter/gtk_mock",
    "github.com/coyim/gotk3adapter/gtka",
    "github.com/coyim/gotk3adapter/gtki",
    "github.com/coyim/gotk3adapter/pangoa",
    "github.com/coyim/gotk3adapter/pangoi",
    "github.com/coyim/otr3",
    "github.com/godbus/dbus",
    "github.com/hydrogen18/stalecucumber",
    "github.com/kardianos/osext",
    "github.com/miekg/dns",
    "golang.org/x/crypto/pbkdf2",
    "golang.org/x/crypto/scrypt",
    "golang.org/x/crypto/sha3",
    "golang.org/x/net/html",
    "golang.org/x/net/proxy",
    "golang.org/x/text/transform",
    "golang.org/x/text/unicode/norm",
    "gopkg.in/check.v1",
    "howett.net/plist",
  ]
  solver-name = "gps-cdcl"
  solver-version = 1
